<?xml version="1.0" encoding="utf-8"?>
<Project ToolsVersion="4.0" xmlns="http://schemas.microsoft.com/developer/msbuild/2003">
  <ItemGroup>
    <Filter Include="源文件">
      <UniqueIdentifier>{4FC737F1-C7A5-4376-A066-2A32D752A2FF}</UniqueIdentifier>
      <Extensions>cpp;c;cc;cxx;def;odl;idl;hpj;bat;asm;asmx</Extensions>
    </Filter>
    <Filter Include="头文件">
      <UniqueIdentifier>{93995380-89BD-4b04-88EB-625FBE52EBFB}</UniqueIdentifier>
      <Extensions>h;hh;hpp;hxx;hm;inl;inc;xsd</Extensions>
    </Filter>
    <Filter Include="资源文件">
      <UniqueIdentifier>{67DA6AB6-F800-4c08-8B7A-83BB121AAD01}</UniqueIdentifier>
      <Extensions>rc;ico;cur;bmp;dlg;rc2;rct;bin;rgs;gif;jpg;jpeg;jpe;resx;tiff;tif;png;wav;mfcribbon-ms</Extensions>
    </Filter>
  </ItemGroup>
  <ItemGroup>
    <Text Include="readme.txt" />
  </ItemGroup>
  <ItemGroup>
    <ResourceCompile Include="DGFile.rc">
      <Filter>资源文件</Filter>
    </ResourceCompile>
  </ItemGroup>
  <ItemGroup>
    <None Include="makefile" />
    <None Include="sources" />
  </ItemGroup>
  <ItemGroup>
    <ClCompile Include="DGFile.cpp">
      <Filter>源文件</Filter>
    </ClCompile>
    <ClCompile Include="Stdafx.cpp">
      <Filter>源文件</Filter>
    </ClCompile>
    <ClCompile Include="KrnlStr.cpp">
      <Filter>源文件</Filter>
    </ClCompile>
    <ClCompile Include="Log.cpp">
      <Filter>源文件</Filter>
    </ClCompile>
    <ClCompile Include="Public.cpp">
      <Filter>源文件</Filter>
    </ClCompile>
    <ClCompile Include="File.cpp">
      <Filter>源文件</Filter>
    </ClCompile>
    <ClCompile Include="FileName.cpp">
      <Filter>源文件</Filter>
    </ClCompile>
    <ClCompile Include="Create.cpp">
      <Filter>源文件</Filter>
    </ClCompile>
    <ClCompile Include="Dispatch.cpp">
      <Filter>源文件</Filter>
    </ClCompile>
    <ClCompile Include="Ccb.cpp">
      <Filter>源文件</Filter>
    </ClCompile>
    <ClCompile Include="Fcb.cpp">
      <Filter>源文件</Filter>
    </ClCompile>
    <ClCompile Include="Dcb.cpp">
      <Filter>源文件</Filter>
    </ClCompile>
    <ClCompile Include="Vcb.cpp">
      <Filter>源文件</Filter>
    </ClCompile>
    <ClCompile Include="Cleanup.cpp">
      <Filter>源文件</Filter>
    </ClCompile>
    <ClCompile Include="Close.cpp">
      <Filter>源文件</Filter>
    </ClCompile>
    <ClCompile Include="Communication.cpp">
      <Filter>源文件</Filter>
    </ClCompile>
    <ClCompile Include="DeviceControl.cpp">
      <Filter>源文件</Filter>
    </ClCompile>
    <ClCompile Include="DirectoryControl.cpp">
      <Filter>源文件</Filter>
    </ClCompile>
    <ClCompile Include="FileSystemControl.cpp">
      <Filter>源文件</Filter>
    </ClCompile>
    <ClCompile Include="LockControl.cpp">
      <Filter>源文件</Filter>
    </ClCompile>
    <ClCompile Include="Pnp.cpp">
      <Filter>源文件</Filter>
    </ClCompile>
    <ClCompile Include="QueryInformation.cpp">
      <Filter>源文件</Filter>
    </ClCompile>
    <ClCompile Include="QuerySerurity.cpp">
      <Filter>源文件</Filter>
    </ClCompile>
    <ClCompile Include="QueryVolumeInformation.cpp">
      <Filter>源文件</Filter>
    </ClCompile>
    <ClCompile Include="Read.cpp">
      <Filter>源文件</Filter>
    </ClCompile>
    <ClCompile Include="SetInformation.cpp">
      <Filter>源文件</Filter>
    </ClCompile>
    <ClCompile Include="SetSecurity.cpp">
      <Filter>源文件</Filter>
    </ClCompile>
    <ClCompile Include="SetVolumeInformation.cpp">
      <Filter>源文件</Filter>
    </ClCompile>
    <ClCompile Include="Shutdown.cpp">
      <Filter>源文件</Filter>
    </ClCompile>
    <ClCompile Include="Write.cpp">
      <Filter>源文件</Filter>
    </ClCompile>
    <ClCompile Include="FlushBuffers.cpp">
      <Filter>源文件</Filter>
    </ClCompile>
    <ClCompile Include="Event.cpp">
      <Filter>源文件</Filter>
    </ClCompile>
    <ClCompile Include="Irp.cpp">
      <Filter>源文件</Filter>
    </ClCompile>
    <ClCompile Include="Device.cpp">
      <Filter>源文件</Filter>
    </ClCompile>
    <ClCompile Include="Notification.cpp">
      <Filter>源文件</Filter>
    </ClCompile>
    <ClCompile Include="Mount.cpp">
      <Filter>源文件</Filter>
    </ClCompile>
    <ClCompile Include="Timeout.cpp">
      <Filter>源文件</Filter>
    </ClCompile>
    <ClCompile Include="Exception.cpp">
      <Filter>源文件</Filter>
    </ClCompile>
    <ClCompile Include="Function.cpp">
      <Filter>源文件</Filter>
    </ClCompile>
    <ClCompile Include="OpLock.cpp">
      <Filter>源文件</Filter>
    </ClCompile>
    <ClCompile Include="Vpb.cpp">
      <Filter>源文件</Filter>
    </ClCompile>
    <ClCompile Include="Volume.cpp">
      <Filter>源文件</Filter>
    </ClCompile>
    <ClCompile Include="Unc.cpp">
      <Filter>源文件</Filter>
    </ClCompile>
  </ItemGroup>
  <ItemGroup>
    <ClInclude Include="DGFile.h">
      <Filter>头文件</Filter>
    </ClInclude>
    <ClInclude Include="Stdafx.h">
      <Filter>头文件</Filter>
    </ClInclude>
    <ClInclude Include="KrnlStr.h">
      <Filter>头文件</Filter>
    </ClInclude>
    <ClInclude Include="Log.h">
      <Filter>头文件</Filter>
    </ClInclude>
    <ClInclude Include="Public.h">
      <Filter>头文件</Filter>
    </ClInclude>
    <ClInclude Include="File.h">
      <Filter>头文件</Filter>
    </ClInclude>
    <ClInclude Include="FileName.h">
      <Filter>头文件</Filter>
    </ClInclude>
    <ClInclude Include="Create.h">
      <Filter>头文件</Filter>
    </ClInclude>
    <ClInclude Include="Dispatch.h">
      <Filter>头文件</Filter>
    </ClInclude>
    <ClInclude Include="Ccb.h">
      <Filter>头文件</Filter>
    </ClInclude>
    <ClInclude Include="Fcb.h">
      <Filter>头文件</Filter>
    </ClInclude>
    <ClInclude Include="Dcb.h">
      <Filter>头文件</Filter>
    </ClInclude>
    <ClInclude Include="Vcb.h">
      <Filter>头文件</Filter>
    </ClInclude>
    <ClInclude Include="Cleanup.h">
      <Filter>头文件</Filter>
    </ClInclude>
    <ClInclude Include="Close.h">
      <Filter>头文件</Filter>
    </ClInclude>
    <ClInclude Include="Communication.h">
      <Filter>头文件</Filter>
    </ClInclude>
    <ClInclude Include="DeviceControl.h">
      <Filter>头文件</Filter>
    </ClInclude>
    <ClInclude Include="DirectoryControl.h">
      <Filter>头文件</Filter>
    </ClInclude>
    <ClInclude Include="FileSystemControl.h">
      <Filter>头文件</Filter>
    </ClInclude>
    <ClInclude Include="LockControl.h">
      <Filter>头文件</Filter>
    </ClInclude>
    <ClInclude Include="Pnp.h">
      <Filter>头文件</Filter>
    </ClInclude>
    <ClInclude Include="QueryInformation.h">
      <Filter>头文件</Filter>
    </ClInclude>
    <ClInclude Include="QuerySerurity.h">
      <Filter>头文件</Filter>
    </ClInclude>
    <ClInclude Include="QueryVolumeInformation.h">
      <Filter>头文件</Filter>
    </ClInclude>
    <ClInclude Include="Read.h">
      <Filter>头文件</Filter>
    </ClInclude>
    <ClInclude Include="SetInformation.h">
      <Filter>头文件</Filter>
    </ClInclude>
    <ClInclude Include="SetSecurity.h">
      <Filter>头文件</Filter>
    </ClInclude>
    <ClInclude Include="SetVolumeInformation.h">
      <Filter>头文件</Filter>
    </ClInclude>
    <ClInclude Include="Shutdown.h">
      <Filter>头文件</Filter>
    </ClInclude>
    <ClInclude Include="Write.h">
      <Filter>头文件</Filter>
    </ClInclude>
    <ClInclude Include="FlushBuffers.h">
      <Filter>头文件</Filter>
    </ClInclude>
    <ClInclude Include="Struct.h">
      <Filter>头文件</Filter>
    </ClInclude>
    <ClInclude Include="Event.h">
      <Filter>头文件</Filter>
    </ClInclude>
    <ClInclude Include="Irp.h">
      <Filter>头文件</Filter>
    </ClInclude>
    <ClInclude Include="Device.h">
      <Filter>头文件</Filter>
    </ClInclude>
    <ClInclude Include="Notification.h">
      <Filter>头文件</Filter>
    </ClInclude>
    <ClInclude Include="Mount.h">
      <Filter>头文件</Filter>
    </ClInclude>
    <ClInclude Include="Timeout.h">
      <Filter>头文件</Filter>
    </ClInclude>
    <ClInclude Include="Exception.h">
      <Filter>头文件</Filter>
    </ClInclude>
    <ClInclude Include="Function.h">
      <Filter>头文件</Filter>
    </ClInclude>
    <ClInclude Include="OpLock.h">
      <Filter>头文件</Filter>
    </ClInclude>
    <ClInclude Include="Vpb.h">
      <Filter>头文件</Filter>
    </ClInclude>
    <ClInclude Include="Volume.h">
      <Filter>头文件</Filter>
    </ClInclude>
    <ClInclude Include="Unc.h">
      <Filter>头文件</Filter>
    </ClInclude>
  </ItemGroup>
</Project>